
Microsoft Visual Studio Solution File, Format Version 12.00
# Visual Studio 15
VisualStudioVersion = 15.0.28307.136
MinimumVisualStudioVersion = 10.0.40219.1
Project("{FAE04EC0-301F-11D3-BF4B-00C04F79EFBC}") = "TestingGit", "TestingGit\TestingGit.csproj", "{088B0FFB-9774-40A4-9330-4EBB114EC048}"
EndProject
Global
	GlobalSection(SolutionConfigurationPlatforms) = preSolution
		Debug|Any CPU = Debug|Any CPU
		Release|Any CPU = Release|Any CPU
	EndGlobalSection
	GlobalSection(ProjectConfigurationPlatforms) = postSolution
		{088B0FFB-9774-40A4-9330-4EBB114EC048}.Debug|Any CPU.ActiveCfg = Debug|Any CPU
		{088B0FFB-9774-40A4-9330-4EBB114EC048}.Debug|Any CPU.Build.0 = Debug|Any CPU
		{088B0FFB-9774-40A4-9330-4EBB114EC048}.Release|Any CPU.ActiveCfg = Release|Any CPU
		{088B0FFB-9774-40A4-9330-4EBB114EC048}.Release|Any CPU.Build.0 = Release|Any CPU
	EndGlobalSection
	GlobalSection(SolutionProperties) = preSolution
		HideSolutionNode = FALSE
	EndGlobalSection
	GlobalSection(ExtensibilityGlobals) = postSolution
		SolutionGuid = {F952AC3D-9509-45F8-B5D0-A3E4042A0E1D}
	EndGlobalSection
EndGlobal
